
Microsoft Visual Studio Solution File, Format Version 12.00
# Visual Studio 15
VisualStudioVersion = 15.0.27130.2027
MinimumVisualStudioVersion = 10.0.40219.1
Project("{FAE04EC0-301F-11D3-BF4B-00C04F79EFBC}") = "NotaFiscal", "NotaFiscal\NotaFiscal.csproj", "{64383706-87BD-4A01-8913-CC5C01C1E45A}"
EndProject
Global
	GlobalSection(SolutionConfigurationPlatforms) = preSolution
		Debug|Any CPU = Debug|Any CPU
		Release|Any CPU = Release|Any CPU
	EndGlobalSection
	GlobalSection(ProjectConfigurationPlatforms) = postSolution
		{64383706-87BD-4A01-8913-CC5C01C1E45A}.Debug|Any CPU.ActiveCfg = Debug|Any CPU
		{64383706-87BD-4A01-8913-CC5C01C1E45A}.Debug|Any CPU.Build.0 = Debug|Any CPU
		{64383706-87BD-4A01-8913-CC5C01C1E45A}.Release|Any CPU.ActiveCfg = Release|Any CPU
		{64383706-87BD-4A01-8913-CC5C01C1E45A}.Release|Any CPU.Build.0 = Release|Any CPU
	EndGlobalSection
	GlobalSection(SolutionProperties) = preSolution
		HideSolutionNode = FALSE
	EndGlobalSection
	GlobalSection(ExtensibilityGlobals) = postSolution
		SolutionGuid = {A198A3CC-DBCE-4D4C-A5B6-5A6C78530BE0}
	EndGlobalSection
EndGlobal
